Microsoft Visual Studio Solution File, Format Version 12.00
# Visual Studio Version 17
VisualStudioVersion = 17.5.2.0
MinimumVisualStudioVersion = 10.0.40219.1
Project("{2150E333-8FDC-42A3-9474-1A3956D46DE8}") = "csharp", "csharp", "{B41BF331-FCCB-2ADF-CDB6-767964B34647}"
EndProject
Project("{FAE04EC0-301F-11D3-BF4B-00C04F79EFBC}") = "RustEtherNetIp", "csharp\RustEtherNetIp\RustEtherNetIp.csproj", "{F7DB6075-F52B-F9A1-92DD-FA348F647A01}"
EndProject
Project("{FAE04EC0-301F-11D3-BF4B-00C04F79EFBC}") = "WinFormsExample", "csharp\WinFormsExample\WinFormsExample.csproj", "{301E7765-2F69-FD50-80BB-6648460723F0}"
EndProject
Global
	GlobalSection(SolutionConfigurationPlatforms) = preSolution
		Debug|Any CPU = Debug|Any CPU
		Release|Any CPU = Release|Any CPU
	EndGlobalSection
	GlobalSection(ProjectConfigurationPlatforms) = postSolution
		{F7DB6075-F52B-F9A1-92DD-FA348F647A01}.Debug|Any CPU.ActiveCfg = Debug|Any CPU
		{F7DB6075-F52B-F9A1-92DD-FA348F647A01}.Debug|Any CPU.Build.0 = Debug|Any CPU
		{F7DB6075-F52B-F9A1-92DD-FA348F647A01}.Release|Any CPU.ActiveCfg = Release|Any CPU
		{F7DB6075-F52B-F9A1-92DD-FA348F647A01}.Release|Any CPU.Build.0 = Release|Any CPU
		{301E7765-2F69-FD50-80BB-6648460723F0}.Debug|Any CPU.ActiveCfg = Debug|Any CPU
		{301E7765-2F69-FD50-80BB-6648460723F0}.Debug|Any CPU.Build.0 = Debug|Any CPU
		{301E7765-2F69-FD50-80BB-6648460723F0}.Release|Any CPU.ActiveCfg = Release|Any CPU
		{301E7765-2F69-FD50-80BB-6648460723F0}.Release|Any CPU.Build.0 = Release|Any CPU
	EndGlobalSection
	GlobalSection(SolutionProperties) = preSolution
		HideSolutionNode = FALSE
	EndGlobalSection
	GlobalSection(NestedProjects) = preSolution
		{F7DB6075-F52B-F9A1-92DD-FA348F647A01} = {B41BF331-FCCB-2ADF-CDB6-767964B34647}
		{301E7765-2F69-FD50-80BB-6648460723F0} = {B41BF331-FCCB-2ADF-CDB6-767964B34647}
	EndGlobalSection
	GlobalSection(ExtensibilityGlobals) = postSolution
		SolutionGuid = {2B596566-A0C6-4F99-BC28-9147999DE0DE}
	EndGlobalSection
EndGlobal
